{"format_version":"1.2","terraform_version":"1.5.7","variables":{"ec2_count":{"value":"3"},"instance_id":{"value":["i-0905b4d3fe9d02871","i-07f297afc605c9778","i-0ae363d7e4c53fd46"]},"sg_id":{"value":"sg-0458dbc774c32aa4d"},"subnet_id":{"value":["subnet-0ec7006f18d10cace","subnet-0645d74ff13fe3f56","subnet-080395dad9718ce4c"]},"vpc_id":{"value":"vpc-08c5916660ef2dc12"}},"planned_values":{"outputs":{"lb_arn":{"sensitive":false},"lb_dns":{"sensitive":false}},"root_module":{"resources":[{"address":"aws_lb.temporal","mode":"managed","type":"aws_lb","name":"temporal","provider_name":"registry.terraform.io/hashicorp/aws","schema_version":0,"values":{"access_logs":[],"customer_owned_ipv4_pool":null,"desync_mitigation_mode":"defensive","drop_invalid_header_fields":false,"enable_cross_zone_load_balancing":null,"enable_deletion_protection":false,"enable_http2":true,"enable_tls_version_and_cipher_suite_headers":false,"enable_waf_fail_open":false,"enable_xff_client_port":false,"idle_timeout":60,"internal":false,"load_balancer_type":"application","name":"front","name_prefix":null,"preserve_host_header":false,"security_groups":["sg-0458dbc774c32aa4d"],"subnets":["subnet-0645d74ff13fe3f56","subnet-080395dad9718ce4c","subnet-0ec7006f18d10cace"],"tags":{"Environment":"front"},"tags_all":{"Environment":"front"},"timeouts":null,"xff_header_processing_mode":"append"},"sensitive_values":{"access_logs":[],"security_groups":[false],"subnet_mapping":[],"subnets":[false,false,false],"tags":{},"tags_all":{}}},{"address":"aws_lb_listener.front_end","mode":"managed","type":"aws_lb_listener","name":"front_end","provider_name":"registry.terraform.io/hashicorp/aws","schema_version":0,"values":{"alpn_policy":null,"certificate_arn":null,"default_action":[{"authenticate_cognito":[],"authenticate_oidc":[],"fixed_response":[],"forward":[],"redirect":[],"type":"forward"}],"port":80,"protocol":"HTTP","tags":null,"timeouts":null},"sensitive_values":{"default_action":[{"authenticate_cognito":[],"authenticate_oidc":[],"fixed_response":[],"forward":[],"redirect":[]}],"tags_all":{}}},{"address":"aws_lb_target_group.temporal","mode":"managed","type":"aws_lb_target_group","name":"temporal","provider_name":"registry.terraform.io/hashicorp/aws","schema_version":0,"values":{"connection_termination":false,"deregistration_delay":"300","health_check":[{"enabled":true,"healthy_threshold":3,"interval":10,"matcher":"200","path":"/","port":"traffic-port","protocol":"HTTP","timeout":3,"unhealthy_threshold":2}],"lambda_multi_value_headers_enabled":false,"name":"application-front","name_prefix":null,"port":80,"protocol":"HTTP","proxy_protocol_v2":false,"slow_start":0,"tags":null,"target_type":"instance","vpc_id":"vpc-08c5916660ef2dc12"},"sensitive_values":{"health_check":[{}],"stickiness":[],"tags_all":{},"target_failover":[]}},{"address":"aws_lb_target_group_attachment.attach-app1[0]","mode":"managed","type":"aws_lb_target_group_attachment","name":"attach-app1","index":0,"provider_name":"registry.terraform.io/hashicorp/aws","schema_version":0,"values":{"availability_zone":null,"port":80,"target_id":"i-0905b4d3fe9d02871"},"sensitive_values":{}},{"address":"aws_lb_target_group_attachment.attach-app1[1]","mode":"managed","type":"aws_lb_target_group_attachment","name":"attach-app1","index":1,"provider_name":"registry.terraform.io/hashicorp/aws","schema_version":0,"values":{"availability_zone":null,"port":80,"target_id":"i-07f297afc605c9778"},"sensitive_values":{}},{"address":"aws_lb_target_group_attachment.attach-app1[2]","mode":"managed","type":"aws_lb_target_group_attachment","name":"attach-app1","index":2,"provider_name":"registry.terraform.io/hashicorp/aws","schema_version":0,"values":{"availability_zone":null,"port":80,"target_id":"i-0ae363d7e4c53fd46"},"sensitive_values":{}}]}},"resource_changes":[{"address":"aws_lb.temporal","mode":"managed","type":"aws_lb","name":"temporal","provider_name":"registry.terraform.io/hashicorp/aws","change":{"actions":["create"],"before":null,"after":{"access_logs":[],"customer_owned_ipv4_pool":null,"desync_mitigation_mode":"defensive","drop_invalid_header_fields":false,"enable_cross_zone_load_balancing":null,"enable_deletion_protection":false,"enable_http2":true,"enable_tls_version_and_cipher_suite_headers":false,"enable_waf_fail_open":false,"enable_xff_client_port":false,"idle_timeout":60,"internal":false,"load_balancer_type":"application","name":"front","name_prefix":null,"preserve_host_header":false,"security_groups":["sg-0458dbc774c32aa4d"],"subnets":["subnet-0645d74ff13fe3f56","subnet-080395dad9718ce4c","subnet-0ec7006f18d10cace"],"tags":{"Environment":"front"},"tags_all":{"Environment":"front"},"timeouts":null,"xff_header_processing_mode":"append"},"after_unknown":{"access_logs":[],"arn":true,"arn_suffix":true,"dns_name":true,"id":true,"ip_address_type":true,"security_groups":[false],"subnet_mapping":true,"subnets":[false,false,false],"tags":{},"tags_all":{},"vpc_id":true,"zone_id":true},"before_sensitive":false,"after_sensitive":{"access_logs":[],"security_groups":[false],"subnet_mapping":[],"subnets":[false,false,false],"tags":{},"tags_all":{}}}},{"address":"aws_lb_listener.front_end","mode":"managed","type":"aws_lb_listener","name":"front_end","provider_name":"registry.terraform.io/hashicorp/aws","change":{"actions":["create"],"before":null,"after":{"alpn_policy":null,"certificate_arn":null,"default_action":[{"authenticate_cognito":[],"authenticate_oidc":[],"fixed_response":[],"forward":[],"redirect":[],"type":"forward"}],"port":80,"protocol":"HTTP","tags":null,"timeouts":null},"after_unknown":{"arn":true,"default_action":[{"authenticate_cognito":[],"authenticate_oidc":[],"fixed_response":[],"forward":[],"order":true,"redirect":[],"target_group_arn":true}],"id":true,"load_balancer_arn":true,"ssl_policy":true,"tags_all":true},"before_sensitive":false,"after_sensitive":{"default_action":[{"authenticate_cognito":[],"authenticate_oidc":[],"fixed_response":[],"forward":[],"redirect":[]}],"tags_all":{}}}},{"address":"aws_lb_target_group.temporal","mode":"managed","type":"aws_lb_target_group","name":"temporal","provider_name":"registry.terraform.io/hashicorp/aws","change":{"actions":["create"],"before":null,"after":{"connection_termination":false,"deregistration_delay":"300","health_check":[{"enabled":true,"healthy_threshold":3,"interval":10,"matcher":"200","path":"/","port":"traffic-port","protocol":"HTTP","timeout":3,"unhealthy_threshold":2}],"lambda_multi_value_headers_enabled":false,"name":"application-front","name_prefix":null,"port":80,"protocol":"HTTP","proxy_protocol_v2":false,"slow_start":0,"tags":null,"target_type":"instance","vpc_id":"vpc-08c5916660ef2dc12"},"after_unknown":{"arn":true,"arn_suffix":true,"health_check":[{}],"id":true,"ip_address_type":true,"load_balancing_algorithm_type":true,"load_balancing_cross_zone_enabled":true,"preserve_client_ip":true,"protocol_version":true,"stickiness":true,"tags_all":true,"target_failover":true},"before_sensitive":false,"after_sensitive":{"health_check":[{}],"stickiness":[],"tags_all":{},"target_failover":[]}}},{"address":"aws_lb_target_group_attachment.attach-app1[0]","mode":"managed","type":"aws_lb_target_group_attachment","name":"attach-app1","index":0,"provider_name":"registry.terraform.io/hashicorp/aws","change":{"actions":["create"],"before":null,"after":{"availability_zone":null,"port":80,"target_id":"i-0905b4d3fe9d02871"},"after_unknown":{"id":true,"target_group_arn":true},"before_sensitive":false,"after_sensitive":{}}},{"address":"aws_lb_target_group_attachment.attach-app1[1]","mode":"managed","type":"aws_lb_target_group_attachment","name":"attach-app1","index":1,"provider_name":"registry.terraform.io/hashicorp/aws","change":{"actions":["create"],"before":null,"after":{"availability_zone":null,"port":80,"target_id":"i-07f297afc605c9778"},"after_unknown":{"id":true,"target_group_arn":true},"before_sensitive":false,"after_sensitive":{}}},{"address":"aws_lb_target_group_attachment.attach-app1[2]","mode":"managed","type":"aws_lb_target_group_attachment","name":"attach-app1","index":2,"provider_name":"registry.terraform.io/hashicorp/aws","change":{"actions":["create"],"before":null,"after":{"availability_zone":null,"port":80,"target_id":"i-0ae363d7e4c53fd46"},"after_unknown":{"id":true,"target_group_arn":true},"before_sensitive":false,"after_sensitive":{}}}],"output_changes":{"lb_arn":{"actions":["create"],"before":null,"after_unknown":true,"before_sensitive":false,"after_sensitive":false},"lb_dns":{"actions":["create"],"before":null,"after_unknown":true,"before_sensitive":false,"after_sensitive":false}},"configuration":{"provider_config":{"aws":{"name":"aws","full_name":"registry.terraform.io/hashicorp/aws","version_constraint":"~\u003e 4.16"}},"root_module":{"outputs":{"lb_arn":{"expression":{"references":["aws_lb.temporal.arn","aws_lb.temporal"]}},"lb_dns":{"expression":{"references":["aws_lb.temporal.dns_name","aws_lb.temporal"]}}},"resources":[{"address":"aws_lb.temporal","mode":"managed","type":"aws_lb","name":"temporal","provider_config_key":"aws","expressions":{"enable_deletion_protection":{"constant_value":false},"internal":{"constant_value":false},"load_balancer_type":{"constant_value":"application"},"name":{"constant_value":"front"},"security_groups":{"references":["var.sg_id"]},"subnets":{"references":["var.subnet_id"]},"tags":{"constant_value":{"Environment":"front"}}},"schema_version":0},{"address":"aws_lb_listener.front_end","mode":"managed","type":"aws_lb_listener","name":"front_end","provider_config_key":"aws","expressions":{"default_action":[{"target_group_arn":{"references":["aws_lb_target_group.temporal.arn","aws_lb_target_group.temporal"]},"type":{"constant_value":"forward"}}],"load_balancer_arn":{"references":["aws_lb.temporal.arn","aws_lb.temporal"]},"port":{"constant_value":"80"},"protocol":{"constant_value":"HTTP"}},"schema_version":0},{"address":"aws_lb_target_group.temporal","mode":"managed","type":"aws_lb_target_group","name":"temporal","provider_config_key":"aws","expressions":{"health_check":[{"enabled":{"constant_value":true},"healthy_threshold":{"constant_value":3},"interval":{"constant_value":10},"matcher":{"constant_value":200},"path":{"constant_value":"/"},"port":{"constant_value":"traffic-port"},"protocol":{"constant_value":"HTTP"},"timeout":{"constant_value":3},"unhealthy_threshold":{"constant_value":2}}],"name":{"constant_value":"application-front"},"port":{"constant_value":80},"protocol":{"constant_value":"HTTP"},"vpc_id":{"references":["var.vpc_id"]}},"schema_version":0},{"address":"aws_lb_target_group_attachment.attach-app1","mode":"managed","type":"aws_lb_target_group_attachment","name":"attach-app1","provider_config_key":"aws","expressions":{"port":{"constant_value":80},"target_group_arn":{"references":["aws_lb_target_group.temporal.arn","aws_lb_target_group.temporal"]},"target_id":{"references":["var.instance_id","count.index"]}},"schema_version":0,"count_expression":{"references":["var.ec2_count"]}}],"variables":{"ec2_count":{},"instance_id":{"description":"The instance id to be used"},"sg_id":{"description":"The security group to be used"},"subnet_id":{"description":"The subnet type to be used"},"vpc_id":{}}}},"relevant_attributes":[{"resource":"aws_lb_target_group.temporal","attribute":["arn"]},{"resource":"aws_lb.temporal","attribute":["arn"]},{"resource":"aws_lb.temporal","attribute":["dns_name"]}],"timestamp":"2025-01-25T18:46:55Z"}
