{"format_version":"1.2","terraform_version":"1.9.0","variables":{"ami":{"value":"ami-0c7af5fe939f2677f"},"ec2_count":{"value":"3"},"instance_type":{"value":"t2.micro"},"key_name":{"value":"my-key"},"sg_id":{"value":"sg-0f3ce2275ca86164b"},"subnet_id":{"value":["subnet-063c7a97faef29fb0","subnet-04f524e82baea99cc","subnet-0dffc4dca622fa36b"]}},"planned_values":{"outputs":{"instance_id":{"sensitive":false},"instance_public_ip":{"sensitive":false}},"root_module":{"resources":[{"address":"aws_instance.temporal[0]","mode":"managed","type":"aws_instance","name":"temporal","index":0,"provider_name":"registry.opentofu.org/hashicorp/aws","schema_version":1,"values":{"ami":"ami-0c7af5fe939f2677f","associate_public_ip_address":true,"credit_specification":[],"get_password_data":false,"hibernation":null,"instance_type":"t2.micro","key_name":"my-key","launch_template":[],"source_dest_check":true,"subnet_id":"subnet-063c7a97faef29fb0","tags":{"Name":"suraj-temporal-1"},"tags_all":{"Name":"suraj-temporal-1"},"timeouts":null,"user_data":"9ea6f797c2878361f94d9f508aad35b4b4039b50","user_data_replace_on_change":false,"volume_tags":null,"vpc_security_group_ids":["sg-0f3ce2275ca86164b"]},"sensitive_values":{"capacity_reservation_specification":[],"cpu_options":[],"credit_specification":[],"ebs_block_device":[],"enclave_options":[],"ephemeral_block_device":[],"ipv6_addresses":[],"launch_template":[],"maintenance_options":[],"metadata_options":[],"network_interface":[],"private_dns_name_options":[],"root_block_device":[],"secondary_private_ips":[],"security_groups":[],"tags":{},"tags_all":{},"vpc_security_group_ids":[false]}},{"address":"aws_instance.temporal[1]","mode":"managed","type":"aws_instance","name":"temporal","index":1,"provider_name":"registry.opentofu.org/hashicorp/aws","schema_version":1,"values":{"ami":"ami-0c7af5fe939f2677f","associate_public_ip_address":true,"credit_specification":[],"get_password_data":false,"hibernation":null,"instance_type":"t2.micro","key_name":"my-key","launch_template":[],"source_dest_check":true,"subnet_id":"subnet-04f524e82baea99cc","tags":{"Name":"suraj-temporal-2"},"tags_all":{"Name":"suraj-temporal-2"},"timeouts":null,"user_data":"9ea6f797c2878361f94d9f508aad35b4b4039b50","user_data_replace_on_change":false,"volume_tags":null,"vpc_security_group_ids":["sg-0f3ce2275ca86164b"]},"sensitive_values":{"capacity_reservation_specification":[],"cpu_options":[],"credit_specification":[],"ebs_block_device":[],"enclave_options":[],"ephemeral_block_device":[],"ipv6_addresses":[],"launch_template":[],"maintenance_options":[],"metadata_options":[],"network_interface":[],"private_dns_name_options":[],"root_block_device":[],"secondary_private_ips":[],"security_groups":[],"tags":{},"tags_all":{},"vpc_security_group_ids":[false]}},{"address":"aws_instance.temporal[2]","mode":"managed","type":"aws_instance","name":"temporal","index":2,"provider_name":"registry.opentofu.org/hashicorp/aws","schema_version":1,"values":{"ami":"ami-0c7af5fe939f2677f","associate_public_ip_address":true,"credit_specification":[],"get_password_data":false,"hibernation":null,"instance_type":"t2.micro","key_name":"my-key","launch_template":[],"source_dest_check":true,"subnet_id":"subnet-0dffc4dca622fa36b","tags":{"Name":"suraj-temporal-3"},"tags_all":{"Name":"suraj-temporal-3"},"timeouts":null,"user_data":"9ea6f797c2878361f94d9f508aad35b4b4039b50","user_data_replace_on_change":false,"volume_tags":null,"vpc_security_group_ids":["sg-0f3ce2275ca86164b"]},"sensitive_values":{"capacity_reservation_specification":[],"cpu_options":[],"credit_specification":[],"ebs_block_device":[],"enclave_options":[],"ephemeral_block_device":[],"ipv6_addresses":[],"launch_template":[],"maintenance_options":[],"metadata_options":[],"network_interface":[],"private_dns_name_options":[],"root_block_device":[],"secondary_private_ips":[],"security_groups":[],"tags":{},"tags_all":{},"vpc_security_group_ids":[false]}},{"address":"aws_key_pair.temporal","mode":"managed","type":"aws_key_pair","name":"temporal","provider_name":"registry.opentofu.org/hashicorp/aws","schema_version":1,"values":{"key_name":"my-key","public_key":"ssh-rsa AAAAB3NzaC1yc2EAAAADAQABAAABgQDKfoaw2sb/gQpvY3ctk8iGmdhFqMhpSCYZ0cd4GoBujgSZfcWtA9qFwrmZy2snihSE+Nv3hZJi4aGE5SC5UTas1OuHaH2MDQzmgE5x9Cz1L5oy3u4rW/lYtBIIXN/xHPPNkjeYYgQ4lVhHDi/EclPRihS4k7pzOR+S9m8mgqagqUSn5Q1kOOrIljy7oY73lHSEJrLL1nwoPy65jhpYJMDezj5y1yDXVP4mMpPfGDTMMUUnV2AH/YEe8Aswx4jqRShLpo4gUDGFOW9/3DQQ9G884iqezvJv/hjTG2oLjtUD2or8mT9yBNmz+nUj2v9Xyv1pngpCx38Q8t/bLggmxvDKEy+xYJxhjm3VQ1lJehHUIt6/NWKKab9cWV5i4B0OdYQeZ1lq9YcmodhLOOFnEBqcs8ttUyQnuHw8P8h5Wbk42Wbrf8AKUd/xNJomgpkMcAbyVsgAOShpBmopMYKtajafDJKbGGVxBkefPQ6BUDpZsYIGOZJ2zLaSBBhO3B/OqaE= suraj@Surajs-Macbook-Pro.local","tags":null},"sensitive_values":{"tags_all":{}}},{"address":"aws_network_interface.temporal[0]","mode":"managed","type":"aws_network_interface","name":"temporal","index":0,"provider_name":"registry.opentofu.org/hashicorp/aws","schema_version":0,"values":{"description":null,"ipv6_address_list_enabled":false,"private_ip_list_enabled":false,"security_groups":["sg-0f3ce2275ca86164b"],"source_dest_check":true,"subnet_id":"subnet-063c7a97faef29fb0","tags":null},"sensitive_values":{"attachment":[],"ipv4_prefixes":[],"ipv6_address_list":[],"ipv6_addresses":[],"ipv6_prefixes":[],"private_ip_list":[],"private_ips":[],"security_groups":[false],"tags_all":{}}},{"address":"aws_network_interface.temporal[1]","mode":"managed","type":"aws_network_interface","name":"temporal","index":1,"provider_name":"registry.opentofu.org/hashicorp/aws","schema_version":0,"values":{"description":null,"ipv6_address_list_enabled":false,"private_ip_list_enabled":false,"security_groups":["sg-0f3ce2275ca86164b"],"source_dest_check":true,"subnet_id":"subnet-04f524e82baea99cc","tags":null},"sensitive_values":{"attachment":[],"ipv4_prefixes":[],"ipv6_address_list":[],"ipv6_addresses":[],"ipv6_prefixes":[],"private_ip_list":[],"private_ips":[],"security_groups":[false],"tags_all":{}}},{"address":"aws_network_interface.temporal[2]","mode":"managed","type":"aws_network_interface","name":"temporal","index":2,"provider_name":"registry.opentofu.org/hashicorp/aws","schema_version":0,"values":{"description":null,"ipv6_address_list_enabled":false,"private_ip_list_enabled":false,"security_groups":["sg-0f3ce2275ca86164b"],"source_dest_check":true,"subnet_id":"subnet-0dffc4dca622fa36b","tags":null},"sensitive_values":{"attachment":[],"ipv4_prefixes":[],"ipv6_address_list":[],"ipv6_addresses":[],"ipv6_prefixes":[],"private_ip_list":[],"private_ips":[],"security_groups":[false],"tags_all":{}}}]}},"resource_changes":[{"address":"aws_instance.temporal[0]","mode":"managed","type":"aws_instance","name":"temporal","index":0,"provider_name":"registry.opentofu.org/hashicorp/aws","change":{"actions":["create"],"before":null,"after":{"ami":"ami-0c7af5fe939f2677f","associate_public_ip_address":true,"credit_specification":[],"get_password_data":false,"hibernation":null,"instance_type":"t2.micro","key_name":"my-key","launch_template":[],"source_dest_check":true,"subnet_id":"subnet-063c7a97faef29fb0","tags":{"Name":"suraj-temporal-1"},"tags_all":{"Name":"suraj-temporal-1"},"timeouts":null,"user_data":"9ea6f797c2878361f94d9f508aad35b4b4039b50","user_data_replace_on_change":false,"volume_tags":null,"vpc_security_group_ids":["sg-0f3ce2275ca86164b"]},"after_unknown":{"arn":true,"availability_zone":true,"capacity_reservation_specification":true,"cpu_core_count":true,"cpu_options":true,"cpu_threads_per_core":true,"credit_specification":[],"disable_api_stop":true,"disable_api_termination":true,"ebs_block_device":true,"ebs_optimized":true,"enclave_options":true,"ephemeral_block_device":true,"host_id":true,"host_resource_group_arn":true,"iam_instance_profile":true,"id":true,"instance_initiated_shutdown_behavior":true,"instance_state":true,"ipv6_address_count":true,"ipv6_addresses":true,"launch_template":[],"maintenance_options":true,"metadata_options":true,"monitoring":true,"network_interface":true,"outpost_arn":true,"password_data":true,"placement_group":true,"placement_partition_number":true,"primary_network_interface_id":true,"private_dns":true,"private_dns_name_options":true,"private_ip":true,"public_dns":true,"public_ip":true,"root_block_device":true,"secondary_private_ips":true,"security_groups":true,"tags":{},"tags_all":{},"tenancy":true,"user_data_base64":true,"vpc_security_group_ids":[false]},"before_sensitive":false,"after_sensitive":{"capacity_reservation_specification":[],"cpu_options":[],"credit_specification":[],"ebs_block_device":[],"enclave_options":[],"ephemeral_block_device":[],"ipv6_addresses":[],"launch_template":[],"maintenance_options":[],"metadata_options":[],"network_interface":[],"private_dns_name_options":[],"root_block_device":[],"secondary_private_ips":[],"security_groups":[],"tags":{},"tags_all":{},"vpc_security_group_ids":[false]}}},{"address":"aws_instance.temporal[1]","mode":"managed","type":"aws_instance","name":"temporal","index":1,"provider_name":"registry.opentofu.org/hashicorp/aws","change":{"actions":["create"],"before":null,"after":{"ami":"ami-0c7af5fe939f2677f","associate_public_ip_address":true,"credit_specification":[],"get_password_data":false,"hibernation":null,"instance_type":"t2.micro","key_name":"my-key","launch_template":[],"source_dest_check":true,"subnet_id":"subnet-04f524e82baea99cc","tags":{"Name":"suraj-temporal-2"},"tags_all":{"Name":"suraj-temporal-2"},"timeouts":null,"user_data":"9ea6f797c2878361f94d9f508aad35b4b4039b50","user_data_replace_on_change":false,"volume_tags":null,"vpc_security_group_ids":["sg-0f3ce2275ca86164b"]},"after_unknown":{"arn":true,"availability_zone":true,"capacity_reservation_specification":true,"cpu_core_count":true,"cpu_options":true,"cpu_threads_per_core":true,"credit_specification":[],"disable_api_stop":true,"disable_api_termination":true,"ebs_block_device":true,"ebs_optimized":true,"enclave_options":true,"ephemeral_block_device":true,"host_id":true,"host_resource_group_arn":true,"iam_instance_profile":true,"id":true,"instance_initiated_shutdown_behavior":true,"instance_state":true,"ipv6_address_count":true,"ipv6_addresses":true,"launch_template":[],"maintenance_options":true,"metadata_options":true,"monitoring":true,"network_interface":true,"outpost_arn":true,"password_data":true,"placement_group":true,"placement_partition_number":true,"primary_network_interface_id":true,"private_dns":true,"private_dns_name_options":true,"private_ip":true,"public_dns":true,"public_ip":true,"root_block_device":true,"secondary_private_ips":true,"security_groups":true,"tags":{},"tags_all":{},"tenancy":true,"user_data_base64":true,"vpc_security_group_ids":[false]},"before_sensitive":false,"after_sensitive":{"capacity_reservation_specification":[],"cpu_options":[],"credit_specification":[],"ebs_block_device":[],"enclave_options":[],"ephemeral_block_device":[],"ipv6_addresses":[],"launch_template":[],"maintenance_options":[],"metadata_options":[],"network_interface":[],"private_dns_name_options":[],"root_block_device":[],"secondary_private_ips":[],"security_groups":[],"tags":{},"tags_all":{},"vpc_security_group_ids":[false]}}},{"address":"aws_instance.temporal[2]","mode":"managed","type":"aws_instance","name":"temporal","index":2,"provider_name":"registry.opentofu.org/hashicorp/aws","change":{"actions":["create"],"before":null,"after":{"ami":"ami-0c7af5fe939f2677f","associate_public_ip_address":true,"credit_specification":[],"get_password_data":false,"hibernation":null,"instance_type":"t2.micro","key_name":"my-key","launch_template":[],"source_dest_check":true,"subnet_id":"subnet-0dffc4dca622fa36b","tags":{"Name":"suraj-temporal-3"},"tags_all":{"Name":"suraj-temporal-3"},"timeouts":null,"user_data":"9ea6f797c2878361f94d9f508aad35b4b4039b50","user_data_replace_on_change":false,"volume_tags":null,"vpc_security_group_ids":["sg-0f3ce2275ca86164b"]},"after_unknown":{"arn":true,"availability_zone":true,"capacity_reservation_specification":true,"cpu_core_count":true,"cpu_options":true,"cpu_threads_per_core":true,"credit_specification":[],"disable_api_stop":true,"disable_api_termination":true,"ebs_block_device":true,"ebs_optimized":true,"enclave_options":true,"ephemeral_block_device":true,"host_id":true,"host_resource_group_arn":true,"iam_instance_profile":true,"id":true,"instance_initiated_shutdown_behavior":true,"instance_state":true,"ipv6_address_count":true,"ipv6_addresses":true,"launch_template":[],"maintenance_options":true,"metadata_options":true,"monitoring":true,"network_interface":true,"outpost_arn":true,"password_data":true,"placement_group":true,"placement_partition_number":true,"primary_network_interface_id":true,"private_dns":true,"private_dns_name_options":true,"private_ip":true,"public_dns":true,"public_ip":true,"root_block_device":true,"secondary_private_ips":true,"security_groups":true,"tags":{},"tags_all":{},"tenancy":true,"user_data_base64":true,"vpc_security_group_ids":[false]},"before_sensitive":false,"after_sensitive":{"capacity_reservation_specification":[],"cpu_options":[],"credit_specification":[],"ebs_block_device":[],"enclave_options":[],"ephemeral_block_device":[],"ipv6_addresses":[],"launch_template":[],"maintenance_options":[],"metadata_options":[],"network_interface":[],"private_dns_name_options":[],"root_block_device":[],"secondary_private_ips":[],"security_groups":[],"tags":{},"tags_all":{},"vpc_security_group_ids":[false]}}},{"address":"aws_key_pair.temporal","mode":"managed","type":"aws_key_pair","name":"temporal","provider_name":"registry.opentofu.org/hashicorp/aws","change":{"actions":["create"],"before":null,"after":{"key_name":"my-key","public_key":"ssh-rsa AAAAB3NzaC1yc2EAAAADAQABAAABgQDKfoaw2sb/gQpvY3ctk8iGmdhFqMhpSCYZ0cd4GoBujgSZfcWtA9qFwrmZy2snihSE+Nv3hZJi4aGE5SC5UTas1OuHaH2MDQzmgE5x9Cz1L5oy3u4rW/lYtBIIXN/xHPPNkjeYYgQ4lVhHDi/EclPRihS4k7pzOR+S9m8mgqagqUSn5Q1kOOrIljy7oY73lHSEJrLL1nwoPy65jhpYJMDezj5y1yDXVP4mMpPfGDTMMUUnV2AH/YEe8Aswx4jqRShLpo4gUDGFOW9/3DQQ9G884iqezvJv/hjTG2oLjtUD2or8mT9yBNmz+nUj2v9Xyv1pngpCx38Q8t/bLggmxvDKEy+xYJxhjm3VQ1lJehHUIt6/NWKKab9cWV5i4B0OdYQeZ1lq9YcmodhLOOFnEBqcs8ttUyQnuHw8P8h5Wbk42Wbrf8AKUd/xNJomgpkMcAbyVsgAOShpBmopMYKtajafDJKbGGVxBkefPQ6BUDpZsYIGOZJ2zLaSBBhO3B/OqaE= suraj@Surajs-Macbook-Pro.local","tags":null},"after_unknown":{"arn":true,"fingerprint":true,"id":true,"key_name_prefix":true,"key_pair_id":true,"key_type":true,"tags_all":true},"before_sensitive":false,"after_sensitive":{"tags_all":{}}}},{"address":"aws_network_interface.temporal[0]","mode":"managed","type":"aws_network_interface","name":"temporal","index":0,"provider_name":"registry.opentofu.org/hashicorp/aws","change":{"actions":["create"],"before":null,"after":{"description":null,"ipv6_address_list_enabled":false,"private_ip_list_enabled":false,"security_groups":["sg-0f3ce2275ca86164b"],"source_dest_check":true,"subnet_id":"subnet-063c7a97faef29fb0","tags":null},"after_unknown":{"arn":true,"attachment":true,"id":true,"interface_type":true,"ipv4_prefix_count":true,"ipv4_prefixes":true,"ipv6_address_count":true,"ipv6_address_list":true,"ipv6_addresses":true,"ipv6_prefix_count":true,"ipv6_prefixes":true,"mac_address":true,"outpost_arn":true,"owner_id":true,"private_dns_name":true,"private_ip":true,"private_ip_list":true,"private_ips":true,"private_ips_count":true,"security_groups":[false],"tags_all":true},"before_sensitive":false,"after_sensitive":{"attachment":[],"ipv4_prefixes":[],"ipv6_address_list":[],"ipv6_addresses":[],"ipv6_prefixes":[],"private_ip_list":[],"private_ips":[],"security_groups":[false],"tags_all":{}}}},{"address":"aws_network_interface.temporal[1]","mode":"managed","type":"aws_network_interface","name":"temporal","index":1,"provider_name":"registry.opentofu.org/hashicorp/aws","change":{"actions":["create"],"before":null,"after":{"description":null,"ipv6_address_list_enabled":false,"private_ip_list_enabled":false,"security_groups":["sg-0f3ce2275ca86164b"],"source_dest_check":true,"subnet_id":"subnet-04f524e82baea99cc","tags":null},"after_unknown":{"arn":true,"attachment":true,"id":true,"interface_type":true,"ipv4_prefix_count":true,"ipv4_prefixes":true,"ipv6_address_count":true,"ipv6_address_list":true,"ipv6_addresses":true,"ipv6_prefix_count":true,"ipv6_prefixes":true,"mac_address":true,"outpost_arn":true,"owner_id":true,"private_dns_name":true,"private_ip":true,"private_ip_list":true,"private_ips":true,"private_ips_count":true,"security_groups":[false],"tags_all":true},"before_sensitive":false,"after_sensitive":{"attachment":[],"ipv4_prefixes":[],"ipv6_address_list":[],"ipv6_addresses":[],"ipv6_prefixes":[],"private_ip_list":[],"private_ips":[],"security_groups":[false],"tags_all":{}}}},{"address":"aws_network_interface.temporal[2]","mode":"managed","type":"aws_network_interface","name":"temporal","index":2,"provider_name":"registry.opentofu.org/hashicorp/aws","change":{"actions":["create"],"before":null,"after":{"description":null,"ipv6_address_list_enabled":false,"private_ip_list_enabled":false,"security_groups":["sg-0f3ce2275ca86164b"],"source_dest_check":true,"subnet_id":"subnet-0dffc4dca622fa36b","tags":null},"after_unknown":{"arn":true,"attachment":true,"id":true,"interface_type":true,"ipv4_prefix_count":true,"ipv4_prefixes":true,"ipv6_address_count":true,"ipv6_address_list":true,"ipv6_addresses":true,"ipv6_prefix_count":true,"ipv6_prefixes":true,"mac_address":true,"outpost_arn":true,"owner_id":true,"private_dns_name":true,"private_ip":true,"private_ip_list":true,"private_ips":true,"private_ips_count":true,"security_groups":[false],"tags_all":true},"before_sensitive":false,"after_sensitive":{"attachment":[],"ipv4_prefixes":[],"ipv6_address_list":[],"ipv6_addresses":[],"ipv6_prefixes":[],"private_ip_list":[],"private_ips":[],"security_groups":[false],"tags_all":{}}}}],"output_changes":{"instance_id":{"actions":["create"],"before":null,"after":[null,null,null],"after_unknown":[true,true,true],"before_sensitive":false,"after_sensitive":false},"instance_public_ip":{"actions":["create"],"before":null,"after":[null,null,null],"after_unknown":[true,true,true],"before_sensitive":false,"after_sensitive":false}},"configuration":{"provider_config":{"aws":{"name":"aws","full_name":"registry.opentofu.org/hashicorp/aws","version_constraint":"~\u003e 4.16"}},"root_module":{"outputs":{"instance_id":{"expression":{"references":["aws_instance.temporal"]}},"instance_public_ip":{"expression":{"references":["aws_instance.temporal"]}}},"resources":[{"address":"aws_instance.temporal","mode":"managed","type":"aws_instance","name":"temporal","provider_config_key":"aws","expressions":{"ami":{"references":["var.ami"]},"associate_public_ip_address":{"constant_value":true},"instance_type":{"references":["var.instance_type"]},"key_name":{"references":["aws_key_pair.temporal.key_name","aws_key_pair.temporal"]},"subnet_id":{"references":["var.subnet_id","count.index"]},"tags":{"references":["count.index"]},"user_data":{},"vpc_security_group_ids":{"references":["var.sg_id"]}},"schema_version":1,"count_expression":{"references":["var.ec2_count"]}},{"address":"aws_key_pair.temporal","mode":"managed","type":"aws_key_pair","name":"temporal","provider_config_key":"aws","expressions":{"key_name":{"references":["var.key_name"]},"public_key":{"constant_value":"ssh-rsa AAAAB3NzaC1yc2EAAAADAQABAAABgQDKfoaw2sb/gQpvY3ctk8iGmdhFqMhpSCYZ0cd4GoBujgSZfcWtA9qFwrmZy2snihSE+Nv3hZJi4aGE5SC5UTas1OuHaH2MDQzmgE5x9Cz1L5oy3u4rW/lYtBIIXN/xHPPNkjeYYgQ4lVhHDi/EclPRihS4k7pzOR+S9m8mgqagqUSn5Q1kOOrIljy7oY73lHSEJrLL1nwoPy65jhpYJMDezj5y1yDXVP4mMpPfGDTMMUUnV2AH/YEe8Aswx4jqRShLpo4gUDGFOW9/3DQQ9G884iqezvJv/hjTG2oLjtUD2or8mT9yBNmz+nUj2v9Xyv1pngpCx38Q8t/bLggmxvDKEy+xYJxhjm3VQ1lJehHUIt6/NWKKab9cWV5i4B0OdYQeZ1lq9YcmodhLOOFnEBqcs8ttUyQnuHw8P8h5Wbk42Wbrf8AKUd/xNJomgpkMcAbyVsgAOShpBmopMYKtajafDJKbGGVxBkefPQ6BUDpZsYIGOZJ2zLaSBBhO3B/OqaE= suraj@Surajs-Macbook-Pro.local"}},"schema_version":1},{"address":"aws_network_interface.temporal","mode":"managed","type":"aws_network_interface","name":"temporal","provider_config_key":"aws","expressions":{"security_groups":{"references":["var.sg_id"]},"subnet_id":{"references":["var.subnet_id","count.index"]}},"schema_version":0,"count_expression":{"references":["var.ec2_count"]}}],"variables":{"ami":{"default":"ami-0c7af5fe939f2677f","description":"ami Id from which instance needs to be created from"},"ec2_count":{},"instance_type":{"default":"t2.micro","description":"AWS EC2 Instance type"},"key_name":{"description":"The key name to associate this ec2 instance"},"sg_id":{"description":"The security group to associate this ec2 instance"},"subnet_id":{"description":"The subnet value to create this instance in"}}}},"relevant_attributes":[{"resource":"aws_instance.temporal","attribute":[]},{"resource":"aws_key_pair.temporal","attribute":["key_name"]}],"timestamp":"2025-02-09T01:49:09Z","errored":false}
